
Microsoft Visual Studio Solution File, Format Version 12.00
# Visual Studio 14
VisualStudioVersion = 14.0.25420.1
MinimumVisualStudioVersion = 10.0.40219.1
Project("{FAE04EC0-301F-11D3-BF4B-00C04F79EFBC}") = "CalculatorApp", "CalculatorApp\CalculatorApp.csproj", "{E85FE11A-3B71-42BC-B937-AE267EFAE9AB}"
EndProject
Global
	GlobalSection(SolutionConfigurationPlatforms) = preSolution
		Debug|ARM = Debug|ARM
		Debug|x64 = Debug|x64
		Debug|x86 = Debug|x86
		Release|ARM = Release|ARM
		Release|x64 = Release|x64
		Release|x86 = Release|x86
	EndGlobalSection
	GlobalSection(ProjectConfigurationPlatforms) = postSolution
		{E85FE11A-3B71-42BC-B937-AE267EFAE9AB}.Debug|ARM.ActiveCfg = Debug|ARM
		{E85FE11A-3B71-42BC-B937-AE267EFAE9AB}.Debug|ARM.Build.0 = Debug|ARM
		{E85FE11A-3B71-42BC-B937-AE267EFAE9AB}.Debug|ARM.Deploy.0 = Debug|ARM
		{E85FE11A-3B71-42BC-B937-AE267EFAE9AB}.Debug|x64.ActiveCfg = Debug|x64
		{E85FE11A-3B71-42BC-B937-AE267EFAE9AB}.Debug|x64.Build.0 = Debug|x64
		{E85FE11A-3B71-42BC-B937-AE267EFAE9AB}.Debug|x64.Deploy.0 = Debug|x64
		{E85FE11A-3B71-42BC-B937-AE267EFAE9AB}.Debug|x86.ActiveCfg = Debug|x86
		{E85FE11A-3B71-42BC-B937-AE267EFAE9AB}.Debug|x86.Build.0 = Debug|x86
		{E85FE11A-3B71-42BC-B937-AE267EFAE9AB}.Debug|x86.Deploy.0 = Debug|x86
		{E85FE11A-3B71-42BC-B937-AE267EFAE9AB}.Release|ARM.ActiveCfg = Release|ARM
		{E85FE11A-3B71-42BC-B937-AE267EFAE9AB}.Release|ARM.Build.0 = Release|ARM
		{E85FE11A-3B71-42BC-B937-AE267EFAE9AB}.Release|ARM.Deploy.0 = Release|ARM
		{E85FE11A-3B71-42BC-B937-AE267EFAE9AB}.Release|x64.ActiveCfg = Release|x64
		{E85FE11A-3B71-42BC-B937-AE267EFAE9AB}.Release|x64.Build.0 = Release|x64
		{E85FE11A-3B71-42BC-B937-AE267EFAE9AB}.Release|x64.Deploy.0 = Release|x64
		{E85FE11A-3B71-42BC-B937-AE267EFAE9AB}.Release|x86.ActiveCfg = Release|x86
		{E85FE11A-3B71-42BC-B937-AE267EFAE9AB}.Release|x86.Build.0 = Release|x86
		{E85FE11A-3B71-42BC-B937-AE267EFAE9AB}.Release|x86.Deploy.0 = Release|x86
	EndGlobalSection
	GlobalSection(SolutionProperties) = preSolution
		HideSolutionNode = FALSE
	EndGlobalSection
EndGlobal
